{
  "name": "dusa-perf-tests",
  "lockfileVersion": 3,
  "requires": true,
  "packages": {
    "": {
      "name": "dusa-perf-tests",
      "dependencies": {
        "dusa": "^0.0.13"
      }
    },
    "node_modules/dusa": {
      "version": "0.0.13",
      "resolved": "https://registry.npmjs.org/dusa/-/dusa-0.0.13.tgz",
      "integrity": "sha512-7DVZotjZmY8vzDgM+sltqlOkA4W9YD82l8Kb9PhX3KCoRBZW+4fvIH1zAdjhUnu8q9tvYN1RdVZyahz0WVB2ww=="
    }
  }
}
