{
  "name": "dusa-perf-tests",
  "lockfileVersion": 3,
  "requires": true,
  "packages": {
    "": {
      "name": "dusa-perf-tests",
      "dependencies": {
        "dusa": "^0.0.12"
      }
    },
    "node_modules/dusa": {
      "version": "0.0.12",
      "resolved": "https://registry.npmjs.org/dusa/-/dusa-0.0.12.tgz",
      "integrity": "sha512-2ZybCRKOaqoWLnmgRHEZuQ1tjN+bri8dCc7LKPNbvCOlzR3FfKSf1n49QjQ5V+1NcQ6HRlB8eaMUfN4BhB0a9A=="
    }
  }
}
